
Microsoft Visual Studio Solution File, Format Version 12.00
# Visual Studio Version 17
VisualStudioVersion = 17.3.32929.385
MinimumVisualStudioVersion = 10.0.40219.1
Project("{2150E333-8FDC-42A3-9474-1A3956D46DE8}") = "Solution Items", "Solution Items", "{AA2A5B9B-D6CC-4B65-B0A1-4BB69E54D9A6}"
	ProjectSection(SolutionItems) = preProject
		src\docker-compose.override.yml = src\docker-compose.override.yml
		src\docker-compose.yml = src\docker-compose.yml
		global.json = global.json
		README.md = README.md
	EndProjectSection
EndProject
Project("{2150E333-8FDC-42A3-9474-1A3956D46DE8}") = "src", "src", "{7E3CC2D6-5799-40BA-B04C-85BC14F389F8}"
EndProject
Project("{2150E333-8FDC-42A3-9474-1A3956D46DE8}") = "ApiGateways", "ApiGateways", "{C0DE84EB-B4CF-41A1-9BAA-7799A56EE654}"
EndProject
Project("{9A19103F-16F7-4668-BE54-9A1E7A4F7556}") = "OcelotGateways", "src\ApiGateways\OcelotGateways\OcelotGateways.csproj", "{5CDCD847-3C6C-46C0-B70C-3DF29637A9B3}"
EndProject
Project("{2150E333-8FDC-42A3-9474-1A3956D46DE8}") = "BuildingBlocks", "BuildingBlocks", "{291EB657-6606-471F-B005-38DF2F620977}"
EndProject
Project("{9A19103F-16F7-4668-BE54-9A1E7A4F7556}") = "Common.Logging", "src\BuildingBlocks\Common.Logging\Common.Logging.csproj", "{F3AE766B-FD73-463E-B8A9-916A49DE5175}"
EndProject
Project("{9A19103F-16F7-4668-BE54-9A1E7A4F7556}") = "Contracts", "src\BuildingBlocks\Contracts\Contracts.csproj", "{0077124E-9BA5-4FC3-989C-F17BBCD83F70}"
EndProject
Project("{9A19103F-16F7-4668-BE54-9A1E7A4F7556}") = "Infrastructure", "src\BuildingBlocks\Infrastructure\Infrastructure.csproj", "{9059F121-ACCF-4A0B-93B3-36F2B9A679A3}"
EndProject
Project("{9A19103F-16F7-4668-BE54-9A1E7A4F7556}") = "Shared", "src\BuildingBlocks\Shared\Shared.csproj", "{955A3F88-F560-45E3-AE97-5C2A0A84DBC5}"
EndProject
Project("{2150E333-8FDC-42A3-9474-1A3956D46DE8}") = "Services", "Services", "{290E7C1A-38A9-4C97-BD3B-BF8BC2118751}"
EndProject
Project("{2150E333-8FDC-42A3-9474-1A3956D46DE8}") = "Product", "Product", "{DA9BF639-516B-4C48-8E61-0A702915CCA7}"
EndProject
Project("{9A19103F-16F7-4668-BE54-9A1E7A4F7556}") = "Product.API", "src\Services\Product.API\Product.API.csproj", "{5536E750-4711-4E1F-A9BA-CAE0CDC30380}"
EndProject
Project("{2150E333-8FDC-42A3-9474-1A3956D46DE8}") = "WebApps", "WebApps", "{32203F36-9D39-4B89-973F-57E124E05CCE}"
EndProject
Project("{9A19103F-16F7-4668-BE54-9A1E7A4F7556}") = "WebHealthStatus", "src\WebApps\WebHealthStatus\WebHealthStatus.csproj", "{12C6B493-9180-4009-BE4B-974512566AF7}"
EndProject
Project("{2150E333-8FDC-42A3-9474-1A3956D46DE8}") = "Basket", "Basket", "{A3784EF8-EDDD-4661-939E-010D341BD67A}"
EndProject
Project("{9A19103F-16F7-4668-BE54-9A1E7A4F7556}") = "Basket.API", "src\Services\Basket.API\Basket.API.csproj", "{A41DDF06-3BB3-48CC-BA9D-052D1B560412}"
EndProject
Project("{2150E333-8FDC-42A3-9474-1A3956D46DE8}") = "Customer", "Customer", "{FC267343-7B96-4C4C-9158-750D21E8C7D8}"
EndProject
Project("{9A19103F-16F7-4668-BE54-9A1E7A4F7556}") = "Customer.API", "src\Services\Customer.API\Customer.API.csproj", "{186A9416-9A45-4A87-8B78-49C243C8C2A4}"
EndProject
Project("{2150E333-8FDC-42A3-9474-1A3956D46DE8}") = "Ordering", "Ordering", "{39BB9309-F5E5-45C9-BC68-FA0C22AD8DA1}"
EndProject
Project("{9A19103F-16F7-4668-BE54-9A1E7A4F7556}") = "Ordering.API", "src\Services\Ordering\Ordering.API\Ordering.API.csproj", "{45115ED1-BDE3-4366-B5FA-43EA776AFF0D}"
EndProject
Project("{9A19103F-16F7-4668-BE54-9A1E7A4F7556}") = "Ordering.Application", "src\Services\Ordering\Ordering.Application\Ordering.Application.csproj", "{D9C78755-A0AA-4ADD-8940-A370EB926DA9}"
EndProject
Project("{9A19103F-16F7-4668-BE54-9A1E7A4F7556}") = "Ordering.Domain", "src\Services\Ordering\Ordering.Domain\Ordering.Domain.csproj", "{04E59101-3C1A-4E72-845F-EE8744DDC89B}"
EndProject
Project("{9A19103F-16F7-4668-BE54-9A1E7A4F7556}") = "Ordering.Infrastructure", "src\Services\Ordering\Ordering.Infrastructure\Ordering.Infrastructure.csproj", "{67658207-786F-4EAA-B7BC-80B72FB50E0B}"
EndProject
Project("{9A19103F-16F7-4668-BE54-9A1E7A4F7556}") = "Ordering.Subscriber", "src\Services\Ordering\Ordering.Subscriber\Ordering.Subscriber.csproj", "{1510BF0C-242D-41B1-AC67-A11B1F1BECF2}"
EndProject
Project("{2150E333-8FDC-42A3-9474-1A3956D46DE8}") = "EventBus", "EventBus", "{D875C5F7-FFA4-43A3-8C98-D3EC4D4CECB3}"
EndProject
Project("{9A19103F-16F7-4668-BE54-9A1E7A4F7556}") = "EventBus.Message", "src\BuildingBlocks\EventBus\EventBus.Message\EventBus.Message.csproj", "{521320C9-784C-47DE-BE1C-CAAB2CE4DC8F}"
EndProject
Project("{2150E333-8FDC-42A3-9474-1A3956D46DE8}") = "Inventory", "Inventory", "{76F55EB0-BEFC-4C2C-99F1-2F8A4A863FC8}"
EndProject
Project("{9A19103F-16F7-4668-BE54-9A1E7A4F7556}") = "Inventory.Product.API", "src\Services\Inventory.Product.API\Inventory.Product.API.csproj", "{3F6B92C1-7F05-4CF2-8C90-A139B2998A8C}"
EndProject
Project("{9A19103F-16F7-4668-BE54-9A1E7A4F7556}") = "Inventory.Grpc", "src\Services\Inventory.Grpc\Inventory.Grpc.csproj", "{5212BAC7-9B5B-4EC2-9D66-822569D031DF}"
EndProject
Project("{2150E333-8FDC-42A3-9474-1A3956D46DE8}") = "ScheduledJob", "ScheduledJob", "{ABA5CE9C-B332-4378-94F0-7149BD32C0E2}"
EndProject
Project("{9A19103F-16F7-4668-BE54-9A1E7A4F7556}") = "Hangfire.API", "src\Services\ScheduledJob\Hangfire.API\Hangfire.API.csproj", "{FF684075-CA2F-4352-B9A7-BA4B603E66AB}"
EndProject
Project("{2150E333-8FDC-42A3-9474-1A3956D46DE8}") = "Saga.Orchestrator", "Saga.Orchestrator", "{B250A9D5-0122-45D0-B5B7-9FDECF0898FF}"
EndProject
Project("{FAE04EC0-301F-11D3-BF4B-00C04F79EFBC}") = "Saga.Orchestrator", "src\Saga.Orchestrator\Saga.Orchestrator\Saga.Orchestrator.csproj", "{16B7FC26-0BE5-487C-A667-155A5115C4A2}"
EndProject
Global
	GlobalSection(SolutionConfigurationPlatforms) = preSolution
		Debug|Any CPU = Debug|Any CPU
		Release|Any CPU = Release|Any CPU
	EndGlobalSection
	GlobalSection(ProjectConfigurationPlatforms) = postSolution
		{5CDCD847-3C6C-46C0-B70C-3DF29637A9B3}.Debug|Any CPU.ActiveCfg = Debug|Any CPU
		{5CDCD847-3C6C-46C0-B70C-3DF29637A9B3}.Debug|Any CPU.Build.0 = Debug|Any CPU
		{5CDCD847-3C6C-46C0-B70C-3DF29637A9B3}.Release|Any CPU.ActiveCfg = Release|Any CPU
		{5CDCD847-3C6C-46C0-B70C-3DF29637A9B3}.Release|Any CPU.Build.0 = Release|Any CPU
		{F3AE766B-FD73-463E-B8A9-916A49DE5175}.Debug|Any CPU.ActiveCfg = Debug|Any CPU
		{F3AE766B-FD73-463E-B8A9-916A49DE5175}.Debug|Any CPU.Build.0 = Debug|Any CPU
		{F3AE766B-FD73-463E-B8A9-916A49DE5175}.Release|Any CPU.ActiveCfg = Release|Any CPU
		{F3AE766B-FD73-463E-B8A9-916A49DE5175}.Release|Any CPU.Build.0 = Release|Any CPU
		{0077124E-9BA5-4FC3-989C-F17BBCD83F70}.Debug|Any CPU.ActiveCfg = Debug|Any CPU
		{0077124E-9BA5-4FC3-989C-F17BBCD83F70}.Debug|Any CPU.Build.0 = Debug|Any CPU
		{0077124E-9BA5-4FC3-989C-F17BBCD83F70}.Release|Any CPU.ActiveCfg = Release|Any CPU
		{0077124E-9BA5-4FC3-989C-F17BBCD83F70}.Release|Any CPU.Build.0 = Release|Any CPU
		{9059F121-ACCF-4A0B-93B3-36F2B9A679A3}.Debug|Any CPU.ActiveCfg = Debug|Any CPU
		{9059F121-ACCF-4A0B-93B3-36F2B9A679A3}.Debug|Any CPU.Build.0 = Debug|Any CPU
		{9059F121-ACCF-4A0B-93B3-36F2B9A679A3}.Release|Any CPU.ActiveCfg = Release|Any CPU
		{9059F121-ACCF-4A0B-93B3-36F2B9A679A3}.Release|Any CPU.Build.0 = Release|Any CPU
		{955A3F88-F560-45E3-AE97-5C2A0A84DBC5}.Debug|Any CPU.ActiveCfg = Debug|Any CPU
		{955A3F88-F560-45E3-AE97-5C2A0A84DBC5}.Debug|Any CPU.Build.0 = Debug|Any CPU
		{955A3F88-F560-45E3-AE97-5C2A0A84DBC5}.Release|Any CPU.ActiveCfg = Release|Any CPU
		{955A3F88-F560-45E3-AE97-5C2A0A84DBC5}.Release|Any CPU.Build.0 = Release|Any CPU
		{5536E750-4711-4E1F-A9BA-CAE0CDC30380}.Debug|Any CPU.ActiveCfg = Debug|Any CPU
		{5536E750-4711-4E1F-A9BA-CAE0CDC30380}.Debug|Any CPU.Build.0 = Debug|Any CPU
		{5536E750-4711-4E1F-A9BA-CAE0CDC30380}.Release|Any CPU.ActiveCfg = Release|Any CPU
		{5536E750-4711-4E1F-A9BA-CAE0CDC30380}.Release|Any CPU.Build.0 = Release|Any CPU
		{12C6B493-9180-4009-BE4B-974512566AF7}.Debug|Any CPU.ActiveCfg = Debug|Any CPU
		{12C6B493-9180-4009-BE4B-974512566AF7}.Debug|Any CPU.Build.0 = Debug|Any CPU
		{12C6B493-9180-4009-BE4B-974512566AF7}.Release|Any CPU.ActiveCfg = Release|Any CPU
		{12C6B493-9180-4009-BE4B-974512566AF7}.Release|Any CPU.Build.0 = Release|Any CPU
		{A41DDF06-3BB3-48CC-BA9D-052D1B560412}.Debug|Any CPU.ActiveCfg = Debug|Any CPU
		{A41DDF06-3BB3-48CC-BA9D-052D1B560412}.Debug|Any CPU.Build.0 = Debug|Any CPU
		{A41DDF06-3BB3-48CC-BA9D-052D1B560412}.Release|Any CPU.ActiveCfg = Release|Any CPU
		{A41DDF06-3BB3-48CC-BA9D-052D1B560412}.Release|Any CPU.Build.0 = Release|Any CPU
		{186A9416-9A45-4A87-8B78-49C243C8C2A4}.Debug|Any CPU.ActiveCfg = Debug|Any CPU
		{186A9416-9A45-4A87-8B78-49C243C8C2A4}.Debug|Any CPU.Build.0 = Debug|Any CPU
		{186A9416-9A45-4A87-8B78-49C243C8C2A4}.Release|Any CPU.ActiveCfg = Release|Any CPU
		{186A9416-9A45-4A87-8B78-49C243C8C2A4}.Release|Any CPU.Build.0 = Release|Any CPU
		{45115ED1-BDE3-4366-B5FA-43EA776AFF0D}.Debug|Any CPU.ActiveCfg = Debug|Any CPU
		{45115ED1-BDE3-4366-B5FA-43EA776AFF0D}.Debug|Any CPU.Build.0 = Debug|Any CPU
		{45115ED1-BDE3-4366-B5FA-43EA776AFF0D}.Release|Any CPU.ActiveCfg = Release|Any CPU
		{45115ED1-BDE3-4366-B5FA-43EA776AFF0D}.Release|Any CPU.Build.0 = Release|Any CPU
		{D9C78755-A0AA-4ADD-8940-A370EB926DA9}.Debug|Any CPU.ActiveCfg = Debug|Any CPU
		{D9C78755-A0AA-4ADD-8940-A370EB926DA9}.Debug|Any CPU.Build.0 = Debug|Any CPU
		{D9C78755-A0AA-4ADD-8940-A370EB926DA9}.Release|Any CPU.ActiveCfg = Release|Any CPU
		{D9C78755-A0AA-4ADD-8940-A370EB926DA9}.Release|Any CPU.Build.0 = Release|Any CPU
		{04E59101-3C1A-4E72-845F-EE8744DDC89B}.Debug|Any CPU.ActiveCfg = Debug|Any CPU
		{04E59101-3C1A-4E72-845F-EE8744DDC89B}.Debug|Any CPU.Build.0 = Debug|Any CPU
		{04E59101-3C1A-4E72-845F-EE8744DDC89B}.Release|Any CPU.ActiveCfg = Release|Any CPU
		{04E59101-3C1A-4E72-845F-EE8744DDC89B}.Release|Any CPU.Build.0 = Release|Any CPU
		{67658207-786F-4EAA-B7BC-80B72FB50E0B}.Debug|Any CPU.ActiveCfg = Debug|Any CPU
		{67658207-786F-4EAA-B7BC-80B72FB50E0B}.Debug|Any CPU.Build.0 = Debug|Any CPU
		{67658207-786F-4EAA-B7BC-80B72FB50E0B}.Release|Any CPU.ActiveCfg = Release|Any CPU
		{67658207-786F-4EAA-B7BC-80B72FB50E0B}.Release|Any CPU.Build.0 = Release|Any CPU
		{1510BF0C-242D-41B1-AC67-A11B1F1BECF2}.Debug|Any CPU.ActiveCfg = Debug|Any CPU
		{1510BF0C-242D-41B1-AC67-A11B1F1BECF2}.Debug|Any CPU.Build.0 = Debug|Any CPU
		{1510BF0C-242D-41B1-AC67-A11B1F1BECF2}.Release|Any CPU.ActiveCfg = Release|Any CPU
		{1510BF0C-242D-41B1-AC67-A11B1F1BECF2}.Release|Any CPU.Build.0 = Release|Any CPU
		{521320C9-784C-47DE-BE1C-CAAB2CE4DC8F}.Debug|Any CPU.ActiveCfg = Debug|Any CPU
		{521320C9-784C-47DE-BE1C-CAAB2CE4DC8F}.Debug|Any CPU.Build.0 = Debug|Any CPU
		{521320C9-784C-47DE-BE1C-CAAB2CE4DC8F}.Release|Any CPU.ActiveCfg = Release|Any CPU
		{521320C9-784C-47DE-BE1C-CAAB2CE4DC8F}.Release|Any CPU.Build.0 = Release|Any CPU
		{3F6B92C1-7F05-4CF2-8C90-A139B2998A8C}.Debug|Any CPU.ActiveCfg = Debug|Any CPU
		{3F6B92C1-7F05-4CF2-8C90-A139B2998A8C}.Debug|Any CPU.Build.0 = Debug|Any CPU
		{3F6B92C1-7F05-4CF2-8C90-A139B2998A8C}.Release|Any CPU.ActiveCfg = Release|Any CPU
		{3F6B92C1-7F05-4CF2-8C90-A139B2998A8C}.Release|Any CPU.Build.0 = Release|Any CPU
		{5212BAC7-9B5B-4EC2-9D66-822569D031DF}.Debug|Any CPU.ActiveCfg = Debug|Any CPU
		{5212BAC7-9B5B-4EC2-9D66-822569D031DF}.Debug|Any CPU.Build.0 = Debug|Any CPU
		{5212BAC7-9B5B-4EC2-9D66-822569D031DF}.Release|Any CPU.ActiveCfg = Release|Any CPU
		{5212BAC7-9B5B-4EC2-9D66-822569D031DF}.Release|Any CPU.Build.0 = Release|Any CPU
		{FF684075-CA2F-4352-B9A7-BA4B603E66AB}.Debug|Any CPU.ActiveCfg = Debug|Any CPU
		{FF684075-CA2F-4352-B9A7-BA4B603E66AB}.Debug|Any CPU.Build.0 = Debug|Any CPU
		{FF684075-CA2F-4352-B9A7-BA4B603E66AB}.Release|Any CPU.ActiveCfg = Release|Any CPU
		{FF684075-CA2F-4352-B9A7-BA4B603E66AB}.Release|Any CPU.Build.0 = Release|Any CPU
		{16B7FC26-0BE5-487C-A667-155A5115C4A2}.Debug|Any CPU.ActiveCfg = Debug|Any CPU
		{16B7FC26-0BE5-487C-A667-155A5115C4A2}.Debug|Any CPU.Build.0 = Debug|Any CPU
		{16B7FC26-0BE5-487C-A667-155A5115C4A2}.Release|Any CPU.ActiveCfg = Release|Any CPU
		{16B7FC26-0BE5-487C-A667-155A5115C4A2}.Release|Any CPU.Build.0 = Release|Any CPU
	EndGlobalSection
	GlobalSection(SolutionProperties) = preSolution
		HideSolutionNode = FALSE
	EndGlobalSection
	GlobalSection(NestedProjects) = preSolution
		{C0DE84EB-B4CF-41A1-9BAA-7799A56EE654} = {7E3CC2D6-5799-40BA-B04C-85BC14F389F8}
		{5CDCD847-3C6C-46C0-B70C-3DF29637A9B3} = {C0DE84EB-B4CF-41A1-9BAA-7799A56EE654}
		{291EB657-6606-471F-B005-38DF2F620977} = {7E3CC2D6-5799-40BA-B04C-85BC14F389F8}
		{F3AE766B-FD73-463E-B8A9-916A49DE5175} = {291EB657-6606-471F-B005-38DF2F620977}
		{0077124E-9BA5-4FC3-989C-F17BBCD83F70} = {291EB657-6606-471F-B005-38DF2F620977}
		{9059F121-ACCF-4A0B-93B3-36F2B9A679A3} = {291EB657-6606-471F-B005-38DF2F620977}
		{955A3F88-F560-45E3-AE97-5C2A0A84DBC5} = {291EB657-6606-471F-B005-38DF2F620977}
		{290E7C1A-38A9-4C97-BD3B-BF8BC2118751} = {7E3CC2D6-5799-40BA-B04C-85BC14F389F8}
		{DA9BF639-516B-4C48-8E61-0A702915CCA7} = {290E7C1A-38A9-4C97-BD3B-BF8BC2118751}
		{5536E750-4711-4E1F-A9BA-CAE0CDC30380} = {DA9BF639-516B-4C48-8E61-0A702915CCA7}
		{32203F36-9D39-4B89-973F-57E124E05CCE} = {7E3CC2D6-5799-40BA-B04C-85BC14F389F8}
		{12C6B493-9180-4009-BE4B-974512566AF7} = {32203F36-9D39-4B89-973F-57E124E05CCE}
		{A3784EF8-EDDD-4661-939E-010D341BD67A} = {290E7C1A-38A9-4C97-BD3B-BF8BC2118751}
		{A41DDF06-3BB3-48CC-BA9D-052D1B560412} = {A3784EF8-EDDD-4661-939E-010D341BD67A}
		{FC267343-7B96-4C4C-9158-750D21E8C7D8} = {290E7C1A-38A9-4C97-BD3B-BF8BC2118751}
		{186A9416-9A45-4A87-8B78-49C243C8C2A4} = {FC267343-7B96-4C4C-9158-750D21E8C7D8}
		{39BB9309-F5E5-45C9-BC68-FA0C22AD8DA1} = {290E7C1A-38A9-4C97-BD3B-BF8BC2118751}
		{45115ED1-BDE3-4366-B5FA-43EA776AFF0D} = {39BB9309-F5E5-45C9-BC68-FA0C22AD8DA1}
		{D9C78755-A0AA-4ADD-8940-A370EB926DA9} = {39BB9309-F5E5-45C9-BC68-FA0C22AD8DA1}
		{04E59101-3C1A-4E72-845F-EE8744DDC89B} = {39BB9309-F5E5-45C9-BC68-FA0C22AD8DA1}
		{67658207-786F-4EAA-B7BC-80B72FB50E0B} = {39BB9309-F5E5-45C9-BC68-FA0C22AD8DA1}
		{1510BF0C-242D-41B1-AC67-A11B1F1BECF2} = {39BB9309-F5E5-45C9-BC68-FA0C22AD8DA1}
		{D875C5F7-FFA4-43A3-8C98-D3EC4D4CECB3} = {291EB657-6606-471F-B005-38DF2F620977}
		{521320C9-784C-47DE-BE1C-CAAB2CE4DC8F} = {D875C5F7-FFA4-43A3-8C98-D3EC4D4CECB3}
		{76F55EB0-BEFC-4C2C-99F1-2F8A4A863FC8} = {290E7C1A-38A9-4C97-BD3B-BF8BC2118751}
		{3F6B92C1-7F05-4CF2-8C90-A139B2998A8C} = {76F55EB0-BEFC-4C2C-99F1-2F8A4A863FC8}
		{5212BAC7-9B5B-4EC2-9D66-822569D031DF} = {76F55EB0-BEFC-4C2C-99F1-2F8A4A863FC8}
		{ABA5CE9C-B332-4378-94F0-7149BD32C0E2} = {290E7C1A-38A9-4C97-BD3B-BF8BC2118751}
		{FF684075-CA2F-4352-B9A7-BA4B603E66AB} = {ABA5CE9C-B332-4378-94F0-7149BD32C0E2}
		{B250A9D5-0122-45D0-B5B7-9FDECF0898FF} = {7E3CC2D6-5799-40BA-B04C-85BC14F389F8}
		{16B7FC26-0BE5-487C-A667-155A5115C4A2} = {B250A9D5-0122-45D0-B5B7-9FDECF0898FF}
	EndGlobalSection
	GlobalSection(ExtensibilityGlobals) = postSolution
		SolutionGuid = {1B7C1A95-4DC8-4D73-B84C-2E0995FCB95E}
	EndGlobalSection
EndGlobal
